{
  "version": 2,
  "dependencies": {
    "net10.0": {
      "Microsoft.AspNetCore.App.Internal.Assets": {
        "type": "Direct",
        "requested": "[10.0.0-preview.3.25172.1, )",
        "resolved": "10.0.0-preview.3.25172.1",
        "contentHash": "9xEBPsE2lv9ADqSQMtKph04IHWy+In97RiWEoRi/IFO+O+mhFuUsKOZ36rgnSx7Q75+JKYY92G9Ji2N0URuX1w=="
      },
      "Microsoft.AspNetCore.Components.WebAssembly": {
        "type": "Direct",
        "requested": "[10.0.0-preview.3.25172.1, )",
        "resolved": "10.0.0-preview.3.25172.1",
        "contentHash": "t0Qsr9USzjA6dkT9rCkkBsS4vKC7kITFrbGM0bI54bYNWdd4auyp6I8jn+cSHP89Wq6X9JM9SZAwzxVmLXDSIw==",
        "dependencies": {
          "Microsoft.AspNetCore.Components.Web": "10.0.0-preview.3.25172.1",
          "Microsoft.Extensions.Configuration.Binder": "10.0.0-preview.3.25171.5",
          "Microsoft.Extensions.Configuration.Json": "10.0.0-preview.3.25171.5",
          "Microsoft.Extensions.Logging": "10.0.0-preview.3.25171.5",
          "Microsoft.JSInterop.WebAssembly": "10.0.0-preview.3.25172.1"
        }
      },
      "Microsoft.AspNetCore.Components.WebAssembly.DevServer": {
        "type": "Direct",
        "requested": "[10.0.0-preview.3.25172.1, )",
        "resolved": "10.0.0-preview.3.25172.1",
        "contentHash": "U+K0xuwr9Yek8383zFtpKZmlUFbKCzTkRRNl0r5C1ekn7IgbtoSDNet2f8AvADhQZsXT0nH8Ldod89JUbD30WA=="
      },
      "Microsoft.ML.Probabilistic": {
        "type": "Direct",
        "requested": "[0.4.2504.701, )",
        "resolved": "0.4.2504.701",
        "contentHash": "CXfiinm63uGi9IWig8VKvR2JWf6kVsdRFOt5HgWGi4QQilzczitOSGrM3kReuAQ0VNhyE8SBVbgcgNWAoCqiyw=="
      },
      "Microsoft.ML.Probabilistic.Learners": {
        "type": "Direct",
        "requested": "[0.4.2504.701, )",
        "resolved": "0.4.2504.701",
        "contentHash": "dWx0FNHdPCeNFzET0jRPIKKD9yH1LHu6rsG3x2CzcKszGS0YP9dsOwmtSFDYomtHJuS+Ib76Zk59HDsgUlUBKg==",
        "dependencies": {
          "Microsoft.ML.Probabilistic": "0.4.2504.701"
        }
      },
      "Microsoft.NET.ILLink.Tasks": {
        "type": "Direct",
        "requested": "[10.0.0-preview.3.25171.5, )",
        "resolved": "10.0.0-preview.3.25171.5",
        "contentHash": "Vi1pLtWhfDMSpqujdNfxCXPdG5wmn6kbAPbN7H11Rzh00swTphBLEbirhemotBpnlnBzDYOFMa/36/vunrXynA=="
      },
      "Microsoft.NET.Sdk.WebAssembly.Pack": {
        "type": "Direct",
        "requested": "[10.0.0-preview.3.25171.5, )",
        "resolved": "10.0.0-preview.3.25171.5",
        "contentHash": "17pgc9g4KeA0KOkUvl+KtiqYe4uKUG8qSGzV7RtMBT4uFxblIX1ccHL6j4ia0iR4pifKQUOZe/ND91fqdnYxPg=="
      },
      "Microsoft.AspNetCore.Authorization": {
        "type": "Transitive",
        "resolved": "10.0.0-preview.3.25172.1",
        "contentHash": "0Zf5qRGJlS1Fc/e5JECWzsKZhMfSdaNA6Z6C8x5VGiuYgFCCLCtBtM5PxCIpBwIZ/XWdIJCOZh7omtNx7ipFdg==",
        "dependencies": {
          "Microsoft.AspNetCore.Metadata": "10.0.0-preview.3.25172.1",
          "Microsoft.Extensions.Diagnostics": "10.0.0-preview.3.25171.5",
          "Microsoft.Extensions.Logging.Abstractions": "10.0.0-preview.3.25171.5",
          "Microsoft.Extensions.Options": "10.0.0-preview.3.25171.5"
        }
      },
      "Microsoft.AspNetCore.Components": {
        "type": "Transitive",
        "resolved": "10.0.0-preview.3.25172.1",
        "contentHash": "T9aUdjR6Pxn9noS2YfMv7abyNY1fxSGEIbZglB0utgPCnSj4qMQ8UInbDxKiOQ9OZBlfpLBdXq6rhTOZGGRQ0A==",
        "dependencies": {
          "Microsoft.AspNetCore.Authorization": "10.0.0-preview.3.25172.1",
          "Microsoft.AspNetCore.Components.Analyzers": "10.0.0-preview.3.25172.1"
        }
      },
      "Microsoft.AspNetCore.Components.Analyzers": {
        "type": "Transitive",
        "resolved": "10.0.0-preview.3.25172.1",
        "contentHash": "9390hufNDEyF+wLxYuu+e0IZmmOPQ6+RTx5ZfbIuxQ93wnUF5JfhNpoSLywfG6qTxDgsHRw8/6xPDa1vY4UD4A=="
      },
      "Microsoft.AspNetCore.Components.Forms": {
        "type": "Transitive",
        "resolved": "10.0.0-preview.3.25172.1",
        "contentHash": "hKFgOao8oiTaSdc4pN0mnq+INInRbyusSTpIxQ6t03fo3N/9kHTuGNNkK1qE6YEX9I76BKoNbTGQ/dgU6fULbA==",
        "dependencies": {
          "Microsoft.AspNetCore.Components": "10.0.0-preview.3.25172.1"
        }
      },
      "Microsoft.AspNetCore.Components.Web": {
        "type": "Transitive",
        "resolved": "10.0.0-preview.3.25172.1",
        "contentHash": "bg7FTS9d7nNmseJpF7WthiVZVo1i4VRff0LuSequ2CqY9KZ4B18mn3uKHrSfrhZBzJ32nRXtzpEojMApHr+DcA==",
        "dependencies": {
          "Microsoft.AspNetCore.Components": "10.0.0-preview.3.25172.1",
          "Microsoft.AspNetCore.Components.Forms": "10.0.0-preview.3.25172.1",
          "Microsoft.Extensions.DependencyInjection": "10.0.0-preview.3.25171.5",
          "Microsoft.Extensions.Primitives": "10.0.0-preview.3.25171.5",
          "Microsoft.JSInterop": "10.0.0-preview.3.25172.1"
        }
      },
      "Microsoft.AspNetCore.Metadata": {
        "type": "Transitive",
        "resolved": "10.0.0-preview.3.25172.1",
        "contentHash": "CoN+To5BWp/IP/vPbpTskFyr8VKN4DZN+DFlH8vUQ5iiJ0DwILjB2UqdZu33V6NvQ12OqtVUv5uEZfcvntYpTQ=="
      },
      "Microsoft.Extensions.Configuration": {
        "type": "Transitive",
        "resolved": "10.0.0-preview.3.25171.5",
        "contentHash": "Rnhi/o4Rw9edwOfyJoR5PA6052UFhGpdkWs5mrgYskRXXrof+CCN6BOpl2RPLCRbTQWsFcZKm5arubjmFMNGVg==",
        "dependencies": {
          "Microsoft.Extensions.Configuration.Abstractions": "10.0.0-preview.3.25171.5",
          "Microsoft.Extensions.Primitives": "10.0.0-preview.3.25171.5"
        }
      },
      "Microsoft.Extensions.Configuration.Abstractions": {
        "type": "Transitive",
        "resolved": "10.0.0-preview.3.25171.5",
        "contentHash": "J9Scx8s52LsDCVuIYWJ7M/rRHyYAzF1D9skARHrZkKFrhDxksOdhXmrGJWnSJce2CqQhVx+n6fZtItmyhXpyWQ==",
        "dependencies": {
          "Microsoft.Extensions.Primitives": "10.0.0-preview.3.25171.5"
        }
      },
      "Microsoft.Extensions.Configuration.Binder": {
        "type": "Transitive",
        "resolved": "10.0.0-preview.3.25171.5",
        "contentHash": "5E0EgvEqwt8hy8Tg+XhOfTvYZ5c1F8zCavOZMQuW6PBfO/BZWdo5xVQcBIBAJRLKemr+fOSwBrk5gGWpSBk/sg==",
        "dependencies": {
          "Microsoft.Extensions.Configuration.Abstractions": "10.0.0-preview.3.25171.5"
        }
      },
      "Microsoft.Extensions.Configuration.FileExtensions": {
        "type": "Transitive",
        "resolved": "10.0.0-preview.3.25171.5",
        "contentHash": "ltZ3XANHXesoBLZQQ3aKNfjVwP+4fThVvTJgAiuBee0HCnlQm3NQ3l61JcJexppj0dVYG54+mR2nrBGq9lQTXA==",
        "dependencies": {
          "Microsoft.Extensions.Configuration": "10.0.0-preview.3.25171.5",
          "Microsoft.Extensions.Configuration.Abstractions": "10.0.0-preview.3.25171.5",
          "Microsoft.Extensions.FileProviders.Abstractions": "10.0.0-preview.3.25171.5",
          "Microsoft.Extensions.FileProviders.Physical": "10.0.0-preview.3.25171.5",
          "Microsoft.Extensions.Primitives": "10.0.0-preview.3.25171.5"
        }
      },
      "Microsoft.Extensions.Configuration.Json": {
        "type": "Transitive",
        "resolved": "10.0.0-preview.3.25171.5",
        "contentHash": "knqFdM+cblgKWgqZGBkzgADiO+2GfLsteztGyHvE6o47xGHP42ImBbanW3GknlhuLSuT404lT3GoW6kNhzfjqQ==",
        "dependencies": {
          "Microsoft.Extensions.Configuration": "10.0.0-preview.3.25171.5",
          "Microsoft.Extensions.Configuration.Abstractions": "10.0.0-preview.3.25171.5",
          "Microsoft.Extensions.Configuration.FileExtensions": "10.0.0-preview.3.25171.5",
          "Microsoft.Extensions.FileProviders.Abstractions": "10.0.0-preview.3.25171.5"
        }
      },
      "Microsoft.Extensions.DependencyInjection": {
        "type": "Transitive",
        "resolved": "10.0.0-preview.3.25171.5",
        "contentHash": "hghZ1OOgfgnvRJfetnomCqpszI3ocxIFEfhNHmLXWZM+Ec3oM1FBKOEvRjhl6R4aghCzUCOHDLww+DiKiTV/yA==",
        "dependencies": {
          "Microsoft.Extensions.DependencyInjection.Abstractions": "10.0.0-preview.3.25171.5"
        }
      },
      "Microsoft.Extensions.DependencyInjection.Abstractions": {
        "type": "Transitive",
        "resolved": "10.0.0-preview.3.25171.5",
        "contentHash": "kYUb9+gyWtphwC5ZPApnhJ8kYLFfeMwt0qHgMchfagjCVFFuwp4iyn9tSYe/mDmlyMxfaZ8XmatJttmXxfQT5g=="
      },
      "Microsoft.Extensions.Diagnostics": {
        "type": "Transitive",
        "resolved": "10.0.0-preview.3.25171.5",
        "contentHash": "6X4NWytDZnYVX1Its8m2c8n383Zt3kBoYrMo4cvpGmCP6t5zNXUiQRDg69fD7PShE642/LPn5jZYVBKs4hpZxg==",
        "dependencies": {
          "Microsoft.Extensions.Configuration": "10.0.0-preview.3.25171.5",
          "Microsoft.Extensions.Diagnostics.Abstractions": "10.0.0-preview.3.25171.5",
          "Microsoft.Extensions.Options.ConfigurationExtensions": "10.0.0-preview.3.25171.5"
        }
      },
      "Microsoft.Extensions.Diagnostics.Abstractions": {
        "type": "Transitive",
        "resolved": "10.0.0-preview.3.25171.5",
        "contentHash": "8dzQGZHA3PseG1h3nbY7kGjf87WuF+sZyfIonsxip0TMSpdJziuRilzHmL7IfksKHE/QUVCCx58plencvXRwJQ==",
        "dependencies": {
          "Microsoft.Extensions.DependencyInjection.Abstractions": "10.0.0-preview.3.25171.5",
          "Microsoft.Extensions.Options": "10.0.0-preview.3.25171.5"
        }
      },
      "Microsoft.Extensions.FileProviders.Abstractions": {
        "type": "Transitive",
        "resolved": "10.0.0-preview.3.25171.5",
        "contentHash": "qk6MBLdczml70Bfa/+RhZVi/8Ism+4dCze+y86vG5DzM4EM2dc2C5RWuILNJ6dOBx5pEGi85sx+qKoIggkNItg==",
        "dependencies": {
          "Microsoft.Extensions.Primitives": "10.0.0-preview.3.25171.5"
        }
      },
      "Microsoft.Extensions.FileProviders.Physical": {
        "type": "Transitive",
        "resolved": "10.0.0-preview.3.25171.5",
        "contentHash": "7i6MvFzEpa/SXrED1BwSmCSS7JaW7TTsh8/9NOZrXi721mu0oZ7eKDxKhUFCXX0D7ZiUCGQgxT/yU1dcL2VaPA==",
        "dependencies": {
          "Microsoft.Extensions.FileProviders.Abstractions": "10.0.0-preview.3.25171.5",
          "Microsoft.Extensions.FileSystemGlobbing": "10.0.0-preview.3.25171.5",
          "Microsoft.Extensions.Primitives": "10.0.0-preview.3.25171.5"
        }
      },
      "Microsoft.Extensions.FileSystemGlobbing": {
        "type": "Transitive",
        "resolved": "10.0.0-preview.3.25171.5",
        "contentHash": "/r6mj4dSfd39peS3ti6O8ndBeEgtzn+PfhQRXcRjcME/8QLcFsTGcf5s1Isk/acfZX2g7urZHx+EJJa1WrR3bQ=="
      },
      "Microsoft.Extensions.Logging": {
        "type": "Transitive",
        "resolved": "10.0.0-preview.3.25171.5",
        "contentHash": "PEOOUx9CdEf98gSPbMHJS9BDrE+Ce8vjF6PRHTGDKmX1qRZebR4qdfMDUFiaqLKrTYBSzeptPhrgYC0bSlw9Og==",
        "dependencies": {
          "Microsoft.Extensions.DependencyInjection": "10.0.0-preview.3.25171.5",
          "Microsoft.Extensions.Logging.Abstractions": "10.0.0-preview.3.25171.5",
          "Microsoft.Extensions.Options": "10.0.0-preview.3.25171.5"
        }
      },
      "Microsoft.Extensions.Logging.Abstractions": {
        "type": "Transitive",
        "resolved": "10.0.0-preview.3.25171.5",
        "contentHash": "RelfzqJYDT+QGnda61isCoab/Xq8HWAK0tawwyCYm7r2voGs9r9igkxeFo43lAnFztVdOdslB+zQmJh0pZcXuw==",
        "dependencies": {
          "Microsoft.Extensions.DependencyInjection.Abstractions": "10.0.0-preview.3.25171.5"
        }
      },
      "Microsoft.Extensions.Options": {
        "type": "Transitive",
        "resolved": "10.0.0-preview.3.25171.5",
        "contentHash": "4UwRpSTCzTHSc5D1Os5gdtzJZTP2tdMRAfidJy23munK5PVm1uFBRUlyqu5n1bWPY8n1F6lee7AixJkbMP2DcA==",
        "dependencies": {
          "Microsoft.Extensions.DependencyInjection.Abstractions": "10.0.0-preview.3.25171.5",
          "Microsoft.Extensions.Primitives": "10.0.0-preview.3.25171.5"
        }
      },
      "Microsoft.Extensions.Options.ConfigurationExtensions": {
        "type": "Transitive",
        "resolved": "10.0.0-preview.3.25171.5",
        "contentHash": "n3K8OmdhFn7M3c+6x8xPxEmeIErSwhRCBQK46QRjiyTJCuJ/EApUF5q4lXX5DmsyFfskya+M1c+GfOSFTizC6g==",
        "dependencies": {
          "Microsoft.Extensions.Configuration.Abstractions": "10.0.0-preview.3.25171.5",
          "Microsoft.Extensions.Configuration.Binder": "10.0.0-preview.3.25171.5",
          "Microsoft.Extensions.DependencyInjection.Abstractions": "10.0.0-preview.3.25171.5",
          "Microsoft.Extensions.Options": "10.0.0-preview.3.25171.5",
          "Microsoft.Extensions.Primitives": "10.0.0-preview.3.25171.5"
        }
      },
      "Microsoft.Extensions.Primitives": {
        "type": "Transitive",
        "resolved": "10.0.0-preview.3.25171.5",
        "contentHash": "1U7p/PNQw7CGbbaAK1GTdVy/Fu85DC2h6DJHqvca12xtroVllU6KjboN590SxGxg2iz4sHM+joYpYSIYBrm0bQ=="
      },
      "Microsoft.JSInterop": {
        "type": "Transitive",
        "resolved": "10.0.0-preview.3.25172.1",
        "contentHash": "aSB0j7mSno9nnf0s28xIfzc50J690KATHGkmPq/VRnrHrjZcOnhwrWFkAtyeb8a9KwXIjKZXDWxhMZseaS/omg=="
      },
      "Microsoft.JSInterop.WebAssembly": {
        "type": "Transitive",
        "resolved": "10.0.0-preview.3.25172.1",
        "contentHash": "O/bXp09QaqX6krI0XyDdfefnc0jBJ92UZyfCl+/wH/kLJ1ZZc1qcqKhBYMVbJuNHcCnsrsXby+9IDqjF9PY0Ww==",
        "dependencies": {
          "Microsoft.JSInterop": "10.0.0-preview.3.25172.1"
        }
      }
    },
    "net10.0/browser-wasm": {}
  }
}