{
  "version": 2,
  "dependencies": {
    "net9.0-android35.0": {},
    "net9.0-android35.0/android-arm64": {},
    "net9.0-android35.0/android-x64": {},
    "net9.0-android35.0/iossimulator-x64": {},
    "net9.0-android35.0/maccatalyst-x64": {},
    "net9.0-android35.0/win10-x64": {},
    "net9.0-ios18.1": {},
    "net9.0-ios18.1/android-arm64": {},
    "net9.0-ios18.1/android-x64": {},
    "net9.0-ios18.1/iossimulator-x64": {},
    "net9.0-ios18.1/maccatalyst-x64": {},
    "net9.0-ios18.1/win10-x64": {},
    "net9.0-maccatalyst18.1": {},
    "net9.0-maccatalyst18.1/android-arm64": {},
    "net9.0-maccatalyst18.1/android-x64": {},
    "net9.0-maccatalyst18.1/iossimulator-x64": {},
    "net9.0-maccatalyst18.1/maccatalyst-x64": {},
    "net9.0-maccatalyst18.1/win10-x64": {},
    "net9.0-windows10.0.19041": {},
    "net9.0-windows10.0.19041/android-arm64": {},
    "net9.0-windows10.0.19041/android-x64": {},
    "net9.0-windows10.0.19041/iossimulator-x64": {},
    "net9.0-windows10.0.19041/maccatalyst-x64": {},
    "net9.0-windows10.0.19041/win10-x64": {}
  }
}