{
  "version": 2,
  "dependencies": {
    "net10.0": {
      "Microsoft.AspNetCore.Components.WebAssembly.Server": {
        "type": "Direct",
        "requested": "[10.0.0-preview.3.25172.1, )",
        "resolved": "10.0.0-preview.3.25172.1",
        "contentHash": "tTUdQZkaxljTeE/8rsuB2OPpgYihKuVkFGHiuf+enpDX1+oLEGzo5b9FeNbH1we3l6FkxkpxUhvw736JmX/OgA=="
      },
      "Microsoft.AspNetCore.OpenApi": {
        "type": "Direct",
        "requested": "[10.0.0-preview.3.25172.1, )",
        "resolved": "10.0.0-preview.3.25172.1",
        "contentHash": "o2A0jvacBI5pyXkGwe5wO09JkBvvUAAbjF/UeAzSvw7uZ1vDBo3QD++vK8BOewf3s8/YNSwsgVerWmSAG2XPeg==",
        "dependencies": {
          "Microsoft.OpenApi": "2.0.0-preview.11"
        }
      },
      "Microsoft.Extensions.AI": {
        "type": "Direct",
        "requested": "[9.4.3-preview.1.25230.7, )",
        "resolved": "9.4.3-preview.1.25230.7",
        "contentHash": "XPRgtofU0m8K2VTdQJ4XBZXxzPSz57ojGsiCSr9Bh7NgdrZ93DdrfTdBM/NDXFc9gFKfJkDTukMMmYTQqRuo+Q==",
        "dependencies": {
          "Microsoft.Extensions.AI.Abstractions": "9.4.3-preview.1.25230.7"
        }
      },
      "Microsoft.Extensions.AI.Ollama": {
        "type": "Direct",
        "requested": "[9.4.3-preview.1.25230.7, )",
        "resolved": "9.4.3-preview.1.25230.7",
        "contentHash": "g7cu9UYroEC1HYPCIqLMQ1VPh8onJtFehCcVI5EIOJStsmM9PiCi+yrBRNSr7b1wOs8FVB3NqLEBXlCy7VJ1dw==",
        "dependencies": {
          "Microsoft.Extensions.AI.Abstractions": "9.4.3-preview.1.25230.7"
        }
      },
      "Microsoft.Extensions.ApiDescription.Server": {
        "type": "Direct",
        "requested": "[10.0.0-preview.3.25172.1, )",
        "resolved": "10.0.0-preview.3.25172.1",
        "contentHash": "P2Np8fOK/jGLEpzJaVDyAJxyf7a0qp8JyzEG+0q/i7ytIBZFycudRnIw26HADiiDeMeVx8uq1xK2nN5SLUGi9A=="
      },
      "Microsoft.SemanticKernel": {
        "type": "Direct",
        "requested": "[1.48.0, )",
        "resolved": "1.48.0",
        "contentHash": "y524BNR2i1m9DpUtMvonD8Pploh3d1eZUhspdOFAB+JGrBGjAf/MMO/2CdQpK5eqBH9yaHz54hT1iwz1NHkwhA==",
        "dependencies": {
          "Microsoft.SemanticKernel.Connectors.AzureOpenAI": "1.48.0",
          "Microsoft.SemanticKernel.Core": "1.48.0"
        }
      },
      "ModelContextProtocol.AspNetCore": {
        "type": "Direct",
        "requested": "[0.1.0-preview.11, )",
        "resolved": "0.1.0-preview.11",
        "contentHash": "sAX1QOFsZkv7nzXpgb5JVAhSx6UERg/3rZARqIMhB80Fpb5gKlKGnwEPPDOIXDLCijfm7qZY5U7YLK6u0MciWQ==",
        "dependencies": {
          "ModelContextProtocol": "0.1.0-preview.11"
        }
      },
      "System.Net.ServerSentEvents": {
        "type": "Direct",
        "requested": "[10.0.0-preview.3.25171.5, )",
        "resolved": "10.0.0-preview.3.25171.5",
        "contentHash": "HYTBlIc4+ym7WCPQiiwoyRVRyFXJfYM5ygl3bkPgXUDB74K9eOJkpTYISpSaQtwkfLjYG2SaPeVGvHkzkiBAmA=="
      },
      "Azure.AI.OpenAI": {
        "type": "Transitive",
        "resolved": "2.2.0-beta.4",
        "contentHash": "qjCgspdq67x+urifvf7Dkz4tX5HVU3AlF2XUYU/kQBObKQihPsTYSQJ4tiMHEMNjaKRbfHzxnE2vnuhcqUUWCg==",
        "dependencies": {
          "Azure.Core": "1.44.1",
          "OpenAI": "2.2.0-beta.4",
          "System.ClientModel": "1.4.0-beta.1"
        }
      },
      "Azure.Core": {
        "type": "Transitive",
        "resolved": "1.44.1",
        "contentHash": "YyznXLQZCregzHvioip07/BkzjuWNXogJEVz9T5W6TwjNr17ax41YGzYMptlo2G10oLCuVPoyva62y0SIRDixg==",
        "dependencies": {
          "Microsoft.Bcl.AsyncInterfaces": "6.0.0",
          "System.ClientModel": "1.1.0",
          "System.Memory.Data": "6.0.0"
        }
      },
      "Microsoft.Bcl.AsyncInterfaces": {
        "type": "Transitive",
        "resolved": "8.0.0",
        "contentHash": "3WA9q9yVqJp222P3x1wYIGDAkpjAku0TMUaaQV22g6L67AI0LdOIrVS7Ht2vJfLHGSPVuqN94vIr15qn+HEkHw=="
      },
      "Microsoft.Bcl.HashCode": {
        "type": "Transitive",
        "resolved": "1.1.1",
        "contentHash": "MalY0Y/uM/LjXtHfX/26l2VtN4LDNZ2OE3aumNOHDLsT4fNYy2hiHXI4CXCqKpNUNm7iJ2brrc4J89UdaL56FA=="
      },
      "Microsoft.Extensions.AI.Abstractions": {
        "type": "Transitive",
        "resolved": "9.4.3-preview.1.25230.7",
        "contentHash": "iXTDPJZjJMBK+x10p32TE4WeSHjwn2spoL6c2t+MWkJiqSq2yRGQhxvnZZxlAAhA9KDRPMNvLQFrdj/KmfcgFg=="
      },
      "Microsoft.Extensions.VectorData.Abstractions": {
        "type": "Transitive",
        "resolved": "9.0.0-preview.1.25229.1",
        "contentHash": "HagzbnKODtfwnTJldgSlgdBp5UQXpRA7d4/Kx9wWdaYrk5DpHaC+5/v16ffU/zIYdTfPet4qTiES+pfQ6dzBMg==",
        "dependencies": {
          "Microsoft.Extensions.AI.Abstractions": "9.4.0-preview.1.25207.5"
        }
      },
      "Microsoft.OpenApi": {
        "type": "Transitive",
        "resolved": "2.0.0-preview.11",
        "contentHash": "9Iw/y2GEKGeCCMovn2LMdnXW1G0/x7LTeO4lDYFgscw+ytEV+8Xj1Qqj1KH6TUNBqp+lc6oTfq8k7lVPn1MasA=="
      },
      "Microsoft.SemanticKernel.Abstractions": {
        "type": "Transitive",
        "resolved": "1.48.0",
        "contentHash": "zx37MZSWIF+cPwsJeS8/hpLhz8WLdcUOWu1JcOnTflbpnYd0fIlmP6yOx3ZntpiR/SWYVWkF/7vo++29uvd+kw==",
        "dependencies": {
          "Microsoft.Bcl.AsyncInterfaces": "8.0.0",
          "Microsoft.Bcl.HashCode": "1.1.1",
          "Microsoft.Extensions.AI.Abstractions": "9.4.0-preview.1.25207.5",
          "Microsoft.Extensions.VectorData.Abstractions": "9.0.0-preview.1.25229.1"
        }
      },
      "Microsoft.SemanticKernel.Connectors.AzureOpenAI": {
        "type": "Transitive",
        "resolved": "1.48.0",
        "contentHash": "V2XL6PQ3un3VeBhzEeoMQRJVNo4C0SThbzYEKMyikLj0qj3nTSiJpabxEO1mt/UV6kvrYsWh7ZZmhkpIpzOShQ==",
        "dependencies": {
          "Azure.AI.OpenAI": "[2.2.0-beta.4]",
          "Microsoft.SemanticKernel.Connectors.OpenAI": "1.48.0",
          "Microsoft.SemanticKernel.Core": "1.48.0"
        }
      },
      "Microsoft.SemanticKernel.Connectors.OpenAI": {
        "type": "Transitive",
        "resolved": "1.48.0",
        "contentHash": "Mop/drAEieQoN5jrGEUnQKEpU4h4nf/B6o9jQHhYliKcGAOR+F+sfWcDulxfuEJN/tihhqUiD7v+lPaW96zVeA==",
        "dependencies": {
          "Microsoft.SemanticKernel.Core": "1.48.0",
          "OpenAI": "[2.2.0-beta.4]"
        }
      },
      "Microsoft.SemanticKernel.Core": {
        "type": "Transitive",
        "resolved": "1.48.0",
        "contentHash": "ZbidLoXPR3lZElBWEzTO0kaaCdqxaWSB+kegLAvR+8LKw6A5x0MgJH8lMaePIXCRNU1/GEeAonHU96aERsmD/Q==",
        "dependencies": {
          "Microsoft.SemanticKernel.Abstractions": "1.48.0",
          "System.Numerics.Tensors": "9.0.0"
        }
      },
      "ModelContextProtocol": {
        "type": "Transitive",
        "resolved": "0.1.0-preview.11",
        "contentHash": "TWSeMx0mcdX4pZVB0gS2ii06Ll9pz+PAG8OieTI0MG9rD4YmFBrCMKoRXf381I/S0jVjktJeFHdrJVKeSiH7BA==",
        "dependencies": {
          "Microsoft.Extensions.AI": "9.4.0-preview.1.25207.5",
          "Microsoft.Extensions.AI.Abstractions": "9.4.0-preview.1.25207.5",
          "System.Net.ServerSentEvents": "10.0.0-preview.2.25163.2"
        }
      },
      "OpenAI": {
        "type": "Transitive",
        "resolved": "2.2.0-beta.4",
        "contentHash": "JZ4/mlVXLaXDIZuC4Ddu0KCAA23z4Ax1AQTS26mpJRuSShjXik7DU8a3basY3ddD51W04F7jeX5eAXamKA6rHw==",
        "dependencies": {
          "System.ClientModel": "1.2.1"
        }
      },
      "System.ClientModel": {
        "type": "Transitive",
        "resolved": "1.4.0-beta.1",
        "contentHash": "ZR0fKC94VS4P80vmxjk7l13/jPBXV0GMoE4jQfkYk8m2YV+dlw8jSC+b6eAfyBz0u+soN4CjhT3OdOC5KHaXxg==",
        "dependencies": {
          "System.Memory.Data": "6.0.1"
        }
      },
      "System.Memory.Data": {
        "type": "Transitive",
        "resolved": "6.0.1",
        "contentHash": "yliDgLh9S9Mcy5hBIdZmX6yphYIW3NH+3HN1kV1m7V1e0s7LNTw/tHNjJP4U9nSMEgl3w1TzYv/KA1Tg9NYy6w=="
      },
      "System.Numerics.Tensors": {
        "type": "Transitive",
        "resolved": "9.0.0",
        "contentHash": "hyJB4UlpAi19Xr9AXzu2NuagKC4lPfHObNMEAA0HmqFz2rX7wKgzeYzO/jM/eBHDhnUGFFEjk5cOoJaxqg5J4A=="
      }
    }
  }
}