{
  "version": 2,
  "dependencies": {
    "net9.0": {
      "Microsoft.AspNetCore.Components.WebAssembly.Server": {
        "type": "Direct",
        "requested": "[9.0.1, )",
        "resolved": "9.0.1",
        "contentHash": "LvXoACj0gzJHabW75dN0CW8kdb6ZAni0u35jfo2lNuWAzS7gR+JvjxuJpL0Zvn6DbM104qtWZAaoXfLErO3ksg=="
      },
      "Microsoft.AspNetCore.OpenApi": {
        "type": "Direct",
        "requested": "[9.0.1, )",
        "resolved": "9.0.1",
        "contentHash": "xRJe8UrLnOGs6hOBrT/4r74q97626H0mABb/DV0smlReIx6uQCENAe+TUqF6hD3NtT4sB+qrvWhAej6kxPxgew==",
        "dependencies": {
          "Microsoft.OpenApi": "1.6.17"
        }
      },
      "Microsoft.Extensions.ApiDescription.Server": {
        "type": "Direct",
        "requested": "[9.0.1, )",
        "resolved": "9.0.1",
        "contentHash": "TwgHEHv1/Q4jiaoCnZkqWl/WvpaHFXtKBKlUAv8OQRxG5yRGa+JDMz479KW5OmqMGOPYXHe+3pvHjgIUG2i1UA=="
      },
      "Microsoft.SemanticKernel": {
        "type": "Direct",
        "requested": "[1.36.1, )",
        "resolved": "1.36.1",
        "contentHash": "j1/N/Q2VcMKs3zFeq7NQJjAsho16njVh+0cQL1QOabOBmDcg1UekSmtriWeHIxmR7Q2NLl2QrIt5WxmpKpNbLQ==",
        "dependencies": {
          "Microsoft.SemanticKernel.Connectors.AzureOpenAI": "1.36.1",
          "Microsoft.SemanticKernel.Core": "1.36.1"
        }
      },
      "Microsoft.SemanticKernel.Connectors.Ollama": {
        "type": "Direct",
        "requested": "[1.28.0-alpha, )",
        "resolved": "1.28.0-alpha",
        "contentHash": "Iex9rWjBZTHvReX5vBk+Hiqi8GQnIPBs13F7jRx8BSJSC0k/aaMVrh6X7ZPJM74RlGxwVoeyyqfwgyxRowxNFA==",
        "dependencies": {
          "Microsoft.SemanticKernel.Abstractions": "1.28.0",
          "Microsoft.SemanticKernel.Core": "1.28.0",
          "OllamaSharp": "3.0.12"
        }
      },
      "System.Net.ServerSentEvents": {
        "type": "Direct",
        "requested": "[9.0.1, )",
        "resolved": "9.0.1",
        "contentHash": "agSjDe0Cb44jh8cfVypycfXdiIDB/aeNMgNw5obo5SYuNjSwkERCU5sRxB6a8bzZSckUGCMcJQxg0sLXB5VOQg=="
      },
      "Azure.AI.OpenAI": {
        "type": "Transitive",
        "resolved": "2.1.0-beta.2",
        "contentHash": "9dm9MgejTpvWZHkLC9rBP01SII2bRLR55CwkKHS55Hai1pKxST7QvZ46MjIcTcmApfaV6XbHuF8mxSorqUU05w==",
        "dependencies": {
          "Azure.Core": "1.44.1",
          "OpenAI": "2.1.0-beta.2"
        }
      },
      "Azure.Core": {
        "type": "Transitive",
        "resolved": "1.44.1",
        "contentHash": "YyznXLQZCregzHvioip07/BkzjuWNXogJEVz9T5W6TwjNr17ax41YGzYMptlo2G10oLCuVPoyva62y0SIRDixg==",
        "dependencies": {
          "Microsoft.Bcl.AsyncInterfaces": "6.0.0",
          "System.ClientModel": "1.1.0",
          "System.Diagnostics.DiagnosticSource": "6.0.1",
          "System.Memory.Data": "6.0.0",
          "System.Numerics.Vectors": "4.5.0",
          "System.Text.Encodings.Web": "6.0.0",
          "System.Text.Json": "6.0.10",
          "System.Threading.Tasks.Extensions": "4.5.4"
        }
      },
      "Microsoft.Bcl.AsyncInterfaces": {
        "type": "Transitive",
        "resolved": "8.0.0",
        "contentHash": "3WA9q9yVqJp222P3x1wYIGDAkpjAku0TMUaaQV22g6L67AI0LdOIrVS7Ht2vJfLHGSPVuqN94vIr15qn+HEkHw=="
      },
      "Microsoft.Bcl.HashCode": {
        "type": "Transitive",
        "resolved": "1.1.1",
        "contentHash": "MalY0Y/uM/LjXtHfX/26l2VtN4LDNZ2OE3aumNOHDLsT4fNYy2hiHXI4CXCqKpNUNm7iJ2brrc4J89UdaL56FA=="
      },
      "Microsoft.Extensions.AI.Abstractions": {
        "type": "Transitive",
        "resolved": "9.1.0-preview.1.25064.3",
        "contentHash": "qxGgo8ipnJz9viMQBMrnmYymi9cZWV0kep/wNTHgLhieYBCVvkMnOskaoNzRjCMl9hwEkXnZTQIwYk2WbpmmWA=="
      },
      "Microsoft.Extensions.DependencyInjection": {
        "type": "Transitive",
        "resolved": "8.0.1",
        "contentHash": "BmANAnR5Xd4Oqw7yQ75xOAYODybZQRzdeNucg7kS5wWKd2PNnMdYtJ2Vciy0QLylRmv42DGl5+AFL9izA6F1Rw==",
        "dependencies": {
          "Microsoft.Extensions.DependencyInjection.Abstractions": "8.0.2"
        }
      },
      "Microsoft.Extensions.DependencyInjection.Abstractions": {
        "type": "Transitive",
        "resolved": "8.0.2",
        "contentHash": "3iE7UF7MQkCv1cxzCahz+Y/guQbTqieyxyaWKhrRO91itI9cOKO76OHeQDahqG4MmW5umr3CcCvGmK92lWNlbg=="
      },
      "Microsoft.Extensions.Logging.Abstractions": {
        "type": "Transitive",
        "resolved": "8.0.2",
        "contentHash": "nroMDjS7hNBPtkZqVBbSiQaQjWRDxITI8Y7XnDs97rqG3EbzVTNLZQf7bIeUJcaHOV8bca47s1Uxq94+2oGdxA==",
        "dependencies": {
          "Microsoft.Extensions.DependencyInjection.Abstractions": "8.0.2"
        }
      },
      "Microsoft.Extensions.VectorData.Abstractions": {
        "type": "Transitive",
        "resolved": "9.0.0-preview.1.25078.1",
        "contentHash": "5woABLba0aAyk6X6jamKZg/3a5X0+z7hj8+325phSkPkiJCFUeY0DIlIH4KvAjtBYlLyJOObsFXdKBekFlE8hw=="
      },
      "Microsoft.OpenApi": {
        "type": "Transitive",
        "resolved": "1.6.17",
        "contentHash": "Le+kehlmrlQfuDFUt1zZ2dVwrhFQtKREdKBo+rexOwaCoYP0/qpgT9tLxCsZjsgR5Itk1UKPcbgO+FyaNid/bA=="
      },
      "Microsoft.SemanticKernel.Abstractions": {
        "type": "Transitive",
        "resolved": "1.36.1",
        "contentHash": "mWBkQ3zIEDigCF7N6fO3Lj54AZHkDNh7lcgKSABYu86NX4EhxVM02T87JwFDtIG/hVPsBk5S2yy0hElh5JMVCA==",
        "dependencies": {
          "Microsoft.Bcl.AsyncInterfaces": "8.0.0",
          "Microsoft.Bcl.HashCode": "1.1.1",
          "Microsoft.Extensions.AI.Abstractions": "9.1.0-preview.1.25064.3",
          "Microsoft.Extensions.DependencyInjection.Abstractions": "8.0.2",
          "Microsoft.Extensions.Logging.Abstractions": "8.0.2",
          "Microsoft.Extensions.VectorData.Abstractions": "9.0.0-preview.1.25078.1",
          "System.Diagnostics.DiagnosticSource": "8.0.1",
          "System.Text.Json": "8.0.5"
        }
      },
      "Microsoft.SemanticKernel.Connectors.AzureOpenAI": {
        "type": "Transitive",
        "resolved": "1.36.1",
        "contentHash": "5wK4w5CJ7GkdfUzSFyM35Y9dnIzb1X7+sCoz1+FORGY8LCuch219OogAeHke3iq4yQc8WIP0mI90vnb6B6GARg==",
        "dependencies": {
          "Azure.AI.OpenAI": "[2.1.0-beta.2]",
          "Microsoft.SemanticKernel.Connectors.OpenAI": "1.36.1",
          "Microsoft.SemanticKernel.Core": "1.36.1"
        }
      },
      "Microsoft.SemanticKernel.Connectors.OpenAI": {
        "type": "Transitive",
        "resolved": "1.36.1",
        "contentHash": "ZZ+jL8YWStkuQNAcEZ4CkZyET84OqMaazsgqsfVz0ohfUDPPnPoIaXkmTK1Kt07odvNvMIuE0TlvkjHPh0Yf2w==",
        "dependencies": {
          "Microsoft.SemanticKernel.Core": "1.36.1",
          "OpenAI": "[2.1.0-beta.2]"
        }
      },
      "Microsoft.SemanticKernel.Core": {
        "type": "Transitive",
        "resolved": "1.36.1",
        "contentHash": "+ZPaI71UOe1RYZYqA5734hHOC7fsdktI+jVvr8vZ39icvLM8PvFEAbw4D36QB8ECctpyGSNRr4hBXkXImggdwQ==",
        "dependencies": {
          "Microsoft.Extensions.DependencyInjection": "8.0.1",
          "Microsoft.SemanticKernel.Abstractions": "1.36.1",
          "System.Numerics.Tensors": "8.0.0",
          "System.Text.Json": "8.0.5"
        }
      },
      "OllamaSharp": {
        "type": "Transitive",
        "resolved": "3.0.12",
        "contentHash": "R3SaQWk2+3nrbmt7/sedP/pcN+f5KK7FdYYwwhs0/FZjbx/LcueEs5FEKHF63IL2wjJ7rMh79i7Aiaw0hxaixw==",
        "dependencies": {
          "Microsoft.Bcl.AsyncInterfaces": "8.0.0",
          "System.Text.Json": "8.0.5"
        }
      },
      "OpenAI": {
        "type": "Transitive",
        "resolved": "2.1.0-beta.2",
        "contentHash": "l+fZAS9XnCxnxGodYFPziMNF9u0ZBfOGEyOuryXnjkcPe+Z4g/ErEvGYyq559V+Q9C8J87eQ0lfq5KtwSk6ppw==",
        "dependencies": {
          "System.ClientModel": "1.2.1",
          "System.Diagnostics.DiagnosticSource": "6.0.1"
        }
      },
      "System.ClientModel": {
        "type": "Transitive",
        "resolved": "1.2.1",
        "contentHash": "s9+M5El+DXdCRRLzxak8uGBKWT8H/eIssGpFtpaMKdJULrQbBDPH/zFbVyHX+NDczhS5EvjHFbBH9/L+0UhmcA==",
        "dependencies": {
          "System.Memory.Data": "6.0.0",
          "System.Text.Json": "6.0.10"
        }
      },
      "System.Diagnostics.DiagnosticSource": {
        "type": "Transitive",
        "resolved": "8.0.1",
        "contentHash": "vaoWjvkG1aenR2XdjaVivlCV9fADfgyhW5bZtXT23qaEea0lWiUljdQuze4E31vKM7ZWJaSUsbYIKE3rnzfZUg=="
      },
      "System.Memory.Data": {
        "type": "Transitive",
        "resolved": "6.0.0",
        "contentHash": "ntFHArH3I4Lpjf5m4DCXQHJuGwWPNVJPaAvM95Jy/u+2Yzt2ryiyIN04LAogkjP9DeRcEOiviAjQotfmPq/FrQ==",
        "dependencies": {
          "System.Text.Json": "6.0.0"
        }
      },
      "System.Numerics.Tensors": {
        "type": "Transitive",
        "resolved": "8.0.0",
        "contentHash": "fhODzTe9ON9IzmRfyVeA6L8yXOciMtpq1YufkRVBliggcVKZE+XDxqIn46+yF4PWR6wNPuDpXtPpuY86VcKxUA=="
      },
      "System.Numerics.Vectors": {
        "type": "Transitive",
        "resolved": "4.5.0",
        "contentHash": "QQTlPTl06J/iiDbJCiepZ4H//BVraReU4O4EoRw1U02H5TLUIT7xn3GnDp9AXPSlJUDyFs4uWjWafNX6WrAojQ=="
      },
      "System.Runtime.CompilerServices.Unsafe": {
        "type": "Transitive",
        "resolved": "6.0.0",
        "contentHash": "/iUeP3tq1S0XdNNoMz5C9twLSrM/TH+qElHkXWaPvuNOt+99G75NrV0OS2EqHx5wMN7popYjpc8oTjC1y16DLg=="
      },
      "System.Text.Encodings.Web": {
        "type": "Transitive",
        "resolved": "6.0.0",
        "contentHash": "Vg8eB5Tawm1IFqj4TVK1czJX89rhFxJo9ELqc/Eiq0eXy13RK00eubyU6TJE6y+GQXjyV5gSfiewDUZjQgSE0w==",
        "dependencies": {
          "System.Runtime.CompilerServices.Unsafe": "6.0.0"
        }
      },
      "System.Threading.Tasks.Extensions": {
        "type": "Transitive",
        "resolved": "4.5.4",
        "contentHash": "zteT+G8xuGu6mS+mzDzYXbzS7rd3K6Fjb9RiZlYlJPam2/hU7JCBZBVEcywNuR+oZ1ncTvc/cq0faRr3P01OVg=="
      },
      "System.Text.Json": {
        "type": "CentralTransitive",
        "requested": "[9.0.0, )",
        "resolved": "9.0.0",
        "contentHash": "js7+qAu/9mQvnhA4EfGMZNEzXtJCDxgkgj8ohuxq/Qxv+R56G+ljefhiJHOxTNiw54q8vmABCWUwkMulNdlZ4A=="
      }
    }
  }
}