{
  "version": 2,
  "dependencies": {
    "net10.0": {
      "Microsoft.AspNetCore.Components.WebAssembly.Server": {
        "type": "Direct",
        "requested": "[10.0.1, )",
        "resolved": "10.0.1",
        "contentHash": "fl9r0e2VGWcMgwBlGGVUFv84o8k1X6pxh9X3Ph6f5/hU8feqFpeqC9K9OrBXd7JhMD49GoLOl5jZW3pdp+9Fog==",
        "dependencies": {
          "Microsoft.AspNetCore.Components.WebAssembly": "10.0.1"
        }
      },
      "Microsoft.AspNetCore.OpenApi": {
        "type": "Direct",
        "requested": "[10.0.1, )",
        "resolved": "10.0.1",
        "contentHash": "gMY53EggRIFawhue66GanHcm1Tcd0+QzzMwnMl60LrEoJhGgzA9qAbLx6t/ON3hX4flc2NcEbTK1Z5GCLYHcwA==",
        "dependencies": {
          "Microsoft.OpenApi": "2.0.0"
        }
      },
      "Microsoft.Extensions.AI": {
        "type": "Direct",
        "requested": "[10.1.0, )",
        "resolved": "10.1.0",
        "contentHash": "INdsJlO+fuXIS010A3cjaU3daV4qyUOCkcAnC3EOjIRDR4AOrNUBklOhiKJsZ/MXE6kQbwguL12oezr6GzFM/A==",
        "dependencies": {
          "Microsoft.Extensions.AI.Abstractions": "10.1.0",
          "System.Numerics.Tensors": "10.0.1"
        }
      },
      "Microsoft.Extensions.AI.Ollama": {
        "type": "Direct",
        "requested": "[9.4.3-preview.1.25230.7, )",
        "resolved": "9.4.3-preview.1.25230.7",
        "contentHash": "g7cu9UYroEC1HYPCIqLMQ1VPh8onJtFehCcVI5EIOJStsmM9PiCi+yrBRNSr7b1wOs8FVB3NqLEBXlCy7VJ1dw==",
        "dependencies": {
          "Microsoft.Extensions.AI.Abstractions": "9.4.3-preview.1.25230.7"
        }
      },
      "Microsoft.Extensions.ApiDescription.Server": {
        "type": "Direct",
        "requested": "[10.0.1, )",
        "resolved": "10.0.1",
        "contentHash": "Shrpkagww6CdJEAU3TM6IfLhxTf2HWtyVaRWuCwwv+GV/lgmA/XBlbA/zzNHRYmu9mDsPbzt/dJLfPmRsopoOw=="
      },
      "Microsoft.SemanticKernel": {
        "type": "Direct",
        "requested": "[1.68.0, )",
        "resolved": "1.68.0",
        "contentHash": "rbiosePBbcdBPPz/Dszxcmbc2jC0+EB89Kf/NzxI4IaxenvM9+aRWM9kjVUQV/HLANpVMM1NnHrcfS+PL7fldA==",
        "dependencies": {
          "Microsoft.SemanticKernel.Connectors.AzureOpenAI": "1.68.0",
          "Microsoft.SemanticKernel.Core": "1.68.0"
        }
      },
      "ModelContextProtocol.AspNetCore": {
        "type": "Direct",
        "requested": "[0.1.0-preview.11, )",
        "resolved": "0.1.0-preview.11",
        "contentHash": "sAX1QOFsZkv7nzXpgb5JVAhSx6UERg/3rZARqIMhB80Fpb5gKlKGnwEPPDOIXDLCijfm7qZY5U7YLK6u0MciWQ==",
        "dependencies": {
          "ModelContextProtocol": "0.1.0-preview.11"
        }
      },
      "Azure.AI.OpenAI": {
        "type": "Transitive",
        "resolved": "2.7.0-beta.2",
        "contentHash": "HeiOYWoxubHyCPL33hgbGSh1KaDRCofJiyFtaEO86A8RLTZSfoPZx2DosiDZMLCqraOfTSWYaWS0FLxbVHFWzQ==",
        "dependencies": {
          "Azure.Core": "1.50.0",
          "OpenAI": "2.7.0"
        }
      },
      "Azure.Core": {
        "type": "Transitive",
        "resolved": "1.50.0",
        "contentHash": "GBNKZEhdIbTXxedvD3R7I/yDVFX9jJJEz02kCziFSJxspSQ5RMHc3GktulJ1s7+ffXaXD7kMgrtdQTaggyInLw==",
        "dependencies": {
          "Microsoft.Bcl.AsyncInterfaces": "8.0.0",
          "System.ClientModel": "1.8.0",
          "System.Memory.Data": "8.0.1"
        }
      },
      "Microsoft.Bcl.AsyncInterfaces": {
        "type": "Transitive",
        "resolved": "8.0.0",
        "contentHash": "3WA9q9yVqJp222P3x1wYIGDAkpjAku0TMUaaQV22g6L67AI0LdOIrVS7Ht2vJfLHGSPVuqN94vIr15qn+HEkHw=="
      },
      "Microsoft.Bcl.HashCode": {
        "type": "Transitive",
        "resolved": "1.1.1",
        "contentHash": "MalY0Y/uM/LjXtHfX/26l2VtN4LDNZ2OE3aumNOHDLsT4fNYy2hiHXI4CXCqKpNUNm7iJ2brrc4J89UdaL56FA=="
      },
      "Microsoft.Extensions.AI.Abstractions": {
        "type": "Transitive",
        "resolved": "10.1.0",
        "contentHash": "F9JBfkgBrKlL+ahkQHDYROor8Z5tqTR5iBJ6TRPJgARx1fLxZgkRD4VD8LKddFsqqwe1kAtMT944nxfhADwgjA=="
      },
      "Microsoft.Extensions.VectorData.Abstractions": {
        "type": "Transitive",
        "resolved": "9.7.0",
        "contentHash": "Vth/omSCX2vR0JabzSRU/hdPhr0CvUVZlaS2lJPWHrEwvak8ntrQLDtLMtMiWKSvviGBe/WmjUW8gA3qqn9tjw==",
        "dependencies": {
          "Microsoft.Extensions.AI.Abstractions": "9.5.0"
        }
      },
      "Microsoft.JSInterop.WebAssembly": {
        "type": "Transitive",
        "resolved": "10.0.1",
        "contentHash": "oIkAEHUSFduhX7scm0+RXODv7FtA/D0KaGW0dPmO1W6LL//VLHjS+pzhpgsS6fBQ+RZfOEFaTLkZewqi6xt8rw=="
      },
      "Microsoft.OpenApi": {
        "type": "Transitive",
        "resolved": "2.0.0",
        "contentHash": "GGYLfzV/G/ct80OZ45JxnWP7NvMX1BCugn/lX7TH5o0lcVaviavsLMTxmFV2AybXWjbi3h6FF1vgZiTK6PXndw=="
      },
      "Microsoft.SemanticKernel.Abstractions": {
        "type": "Transitive",
        "resolved": "1.68.0",
        "contentHash": "SHckYydWmM2C9/CrjjW0os+9sy5i1us35GhDncby6CUw+PbK4APp7Tpy+Pt+zF74a9sFzwHIcVaPorUWlYWI+Q==",
        "dependencies": {
          "Microsoft.Bcl.HashCode": "1.1.1",
          "Microsoft.Extensions.AI": "10.0.1",
          "Microsoft.Extensions.VectorData.Abstractions": "9.7.0"
        }
      },
      "Microsoft.SemanticKernel.Connectors.AzureOpenAI": {
        "type": "Transitive",
        "resolved": "1.68.0",
        "contentHash": "ennELtALtxoYUE6J3vTJS59vGpuqq/gxDpeYED3nYURjhFn6+0o1EwVzy+8rQZ8IlioW+gdsLZAhzY1DwGV/xw==",
        "dependencies": {
          "Azure.AI.OpenAI": "2.7.0-beta.2",
          "Microsoft.SemanticKernel.Connectors.OpenAI": "1.68.0",
          "Microsoft.SemanticKernel.Core": "1.68.0"
        }
      },
      "Microsoft.SemanticKernel.Connectors.OpenAI": {
        "type": "Transitive",
        "resolved": "1.68.0",
        "contentHash": "q3vmVM+pUGdgX2Dj419wmsf7WYj4GsE7cVCYSX/oUa0+A99wbXNdDsdk9JwgYELfjCjq6TW+GyzzRx0nCn9CSQ==",
        "dependencies": {
          "Microsoft.Extensions.AI.OpenAI": "10.0.1-preview.1.25571.5",
          "Microsoft.SemanticKernel.Core": "1.68.0",
          "OpenAI": "2.7.0"
        }
      },
      "Microsoft.SemanticKernel.Core": {
        "type": "Transitive",
        "resolved": "1.68.0",
        "contentHash": "q/5J4Yg7cPY+Sxto9TGXSQF+TM0c+1u0gVQb5OOKQPWMQg+FQF41sQWv8FYYBzsSkhSq7YupCjOR0tQBDJxcFQ==",
        "dependencies": {
          "Microsoft.SemanticKernel.Abstractions": "1.68.0",
          "System.Numerics.Tensors": "10.0.0"
        }
      },
      "ModelContextProtocol": {
        "type": "Transitive",
        "resolved": "0.1.0-preview.11",
        "contentHash": "TWSeMx0mcdX4pZVB0gS2ii06Ll9pz+PAG8OieTI0MG9rD4YmFBrCMKoRXf381I/S0jVjktJeFHdrJVKeSiH7BA==",
        "dependencies": {
          "Microsoft.Extensions.AI": "9.4.0-preview.1.25207.5",
          "Microsoft.Extensions.AI.Abstractions": "9.4.0-preview.1.25207.5"
        }
      },
      "OpenAI": {
        "type": "Transitive",
        "resolved": "2.7.0",
        "contentHash": "zodE/lrDzSUxgFzuHP+fiR56VBQZyy3H7le8VH9fiuB8SCgs7YSKpK/pwSpYZln3HVX6RyPDuALIOVPQMhnRFQ==",
        "dependencies": {
          "System.ClientModel": "1.8.1"
        }
      },
      "System.ClientModel": {
        "type": "Transitive",
        "resolved": "1.8.1",
        "contentHash": "4oUQgw/vaO4FBOk3YsH40hbrjxRED1l95rRLvTMtHXfQxapXya9IfPpm/KgwValFFtYTfYGFOs/qzGmGyexicQ==",
        "dependencies": {
          "System.Memory.Data": "8.0.1"
        }
      },
      "System.Memory.Data": {
        "type": "Transitive",
        "resolved": "10.0.0",
        "contentHash": "r+m+05b+TndDQIN6/yMkotk7wNsUPpYgLKOac8QR9DdU9gcPTJIU1RoyXY8otCqPxH55XF4hewEt6lJu0lSz3Q=="
      },
      "System.Numerics.Tensors": {
        "type": "Transitive",
        "resolved": "10.0.1",
        "contentHash": "1ERX7TgHGP8Cs3sHWp0Vk6kg9xVQSgLsumb5qw1KNiClUC5cs4lKZ1LzPHI/ZYY3at7EX2nx4uWU6SGSi2V8Kg=="
      },
      "Microsoft.AspNetCore.Components.WebAssembly": {
        "type": "CentralTransitive",
        "requested": "[10.0.1, )",
        "resolved": "10.0.1",
        "contentHash": "qh5mkVhHCv/fxPl8XCIwx+ea9uLeTbbVs2rzgvWkWX0EgYLITEEH3AbX6OuvDW8UQVETjio2UZOh6JDAO2A4Lw==",
        "dependencies": {
          "Microsoft.JSInterop.WebAssembly": "10.0.1"
        }
      },
      "Microsoft.Extensions.AI.OpenAI": {
        "type": "CentralTransitive",
        "requested": "[10.0.1-preview.1.25571.5, )",
        "resolved": "10.0.1-preview.1.25571.5",
        "contentHash": "IxSdb75Di7Ryper1O86vSpxKs+pvC72Q+wuzSGd/WH/6hc8tQ+h8wnovDP0HBeh7o1KSshEbZ584njcOTHTTsw==",
        "dependencies": {
          "Microsoft.Extensions.AI.Abstractions": "10.0.1",
          "OpenAI": "2.7.0",
          "System.Memory.Data": "10.0.0"
        }
      }
    }
  }
}