{
  "version": 2,
  "dependencies": {
    "net10.0": {
      "Microsoft.ML.OnnxRuntime": {
        "type": "Direct",
        "requested": "[1.23.2, )",
        "resolved": "1.23.2",
        "contentHash": "849xImRO0vxDH7DNlg/FAVGExKfjN1r2CIZevZGI5JQCoOj+0T23ShqPEgu5mLTwElot5X7V0qkO0jUz/yJZbA==",
        "dependencies": {
          "Microsoft.ML.OnnxRuntime.Managed": "1.23.2"
        }
      },
      "Microsoft.ML.OnnxRuntimeGenAI": {
        "type": "Direct",
        "requested": "[0.11.3, )",
        "resolved": "0.11.3",
        "contentHash": "TXzZl3rEkplhPeIZZKQBvnWIqHKPOQqyCD5DNpF4BC80byzwACf7ytxiSvVHKfKWFcKroW29Bm9mkBP7o3FOBA==",
        "dependencies": {
          "Microsoft.ML.OnnxRuntime": "1.23.2",
          "Microsoft.ML.OnnxRuntimeGenAI.Managed": "0.11.3"
        }
      },
      "Microsoft.ML.OnnxRuntimeGenAI.Managed": {
        "type": "Direct",
        "requested": "[0.11.3, )",
        "resolved": "0.11.3",
        "contentHash": "ncA2k9W7BoRHcAHvvnbIMBsQnzCgERDxNGt7XRBdo0AACs0MrwnNDXyDzMZlKMr8aDW4ZQFvm0+8soo3w4KLsQ==",
        "dependencies": {
          "Microsoft.Extensions.AI.Abstractions": "9.8.0"
        }
      },
      "System.Speech": {
        "type": "Direct",
        "requested": "[10.0.1, )",
        "resolved": "10.0.1",
        "contentHash": "Sra5Gv7qcZzLuQW4alVglQpnDgJiqeGmbwz8WLZa1QdqmTo4bi7FYQP5CJAzlwLDcmHrBS2L7+W6HqFT14HBTA=="
      },
      "Microsoft.Extensions.AI.Abstractions": {
        "type": "Transitive",
        "resolved": "9.8.0",
        "contentHash": "0++t+lPqX5amr7Kgh+ZFm1C5hhzMmFc5Dhoc6siNZ4sPXxy0pLTFRk+4vHn0hZf7Xe8Y9OoqL2cL4oTdjt8STQ=="
      },
      "Microsoft.ML.OnnxRuntime.Managed": {
        "type": "Transitive",
        "resolved": "1.23.2",
        "contentHash": "HtlQuzmVrqhnkmwfmkQ+2re8xPxtVmeLRQaYSJ3pXfzKs4b36+yBfa/LnDuzfX1bGcyWn/McKxmbY87TCAmo1Q==",
        "dependencies": {
          "System.Numerics.Tensors": "9.0.0"
        }
      },
      "System.Numerics.Tensors": {
        "type": "Transitive",
        "resolved": "9.0.0",
        "contentHash": "hyJB4UlpAi19Xr9AXzu2NuagKC4lPfHObNMEAA0HmqFz2rX7wKgzeYzO/jM/eBHDhnUGFFEjk5cOoJaxqg5J4A=="
      }
    }
  }
}