{
  "version": 2,
  "dependencies": {
    "net10.0": {
      "Microsoft.ML.OnnxRuntime": {
        "type": "Direct",
        "requested": "[1.21.0, )",
        "resolved": "1.21.0",
        "contentHash": "1IN5rz0W7SFiVKblydIcCh0TVXDVbgTHdFGchjrH+vEtneRED7PL8RDcQOXE4FO3y10vvjg03LNubFTX74FCpA==",
        "dependencies": {
          "Microsoft.ML.OnnxRuntime.Managed": "1.21.0"
        }
      },
      "Microsoft.ML.OnnxRuntimeGenAI": {
        "type": "Direct",
        "requested": "[0.7.0, )",
        "resolved": "0.7.0",
        "contentHash": "V4EV+YGFb7qRAgTQ/r6gdV2ZDatmb7QME2/60ARSPKzT6yw07uPN+TBtijBVbVYeJHqVHGQAe9EypcSjWWrOPQ==",
        "dependencies": {
          "Microsoft.ML.OnnxRuntime": "1.21.0",
          "Microsoft.ML.OnnxRuntimeGenAI.Managed": "0.7.0"
        }
      },
      "Microsoft.ML.OnnxRuntimeGenAI.Managed": {
        "type": "Direct",
        "requested": "[0.7.0, )",
        "resolved": "0.7.0",
        "contentHash": "bssyGUr7m3yuHzh38kNlrolm0/eH5+uYopg5WV+au7whsrY69XuthJd9GyVZrhaJpTO80F+amwWC2ozP1lFXlQ==",
        "dependencies": {
          "Microsoft.Extensions.AI.Abstractions": "9.3.0-preview.1.25161.3"
        }
      },
      "System.Speech": {
        "type": "Direct",
        "requested": "[10.0.0-preview.3.25171.5, )",
        "resolved": "10.0.0-preview.3.25171.5",
        "contentHash": "Xar+owhB50Ej587DTv6oAOjInrO9ueAEOaCdp3TwAh+fO7JIhJr5xwkG2bZ3OVBf05TiejUVrvFnW//sYUnOOg=="
      },
      "Microsoft.Extensions.AI.Abstractions": {
        "type": "Transitive",
        "resolved": "9.3.0-preview.1.25161.3",
        "contentHash": "1BGoGmGQKwDOkf4I5/Ybt3GL5O+/3JPlZ/AM0uLspHn5DpPb2Wpi9HYKEMjTECFvW+pk+vtFaBYQmNdudl26fw=="
      },
      "Microsoft.ML.OnnxRuntime.Managed": {
        "type": "Transitive",
        "resolved": "1.21.0",
        "contentHash": "Pp4PFhCELCMO8dWNbGK9Ge+Zh09xPVknmjvAgXIrLsfAgmv1It5aATP3UJTG/GBVzcvshDL/UI+KV9O8YQzkkQ==",
        "dependencies": {
          "System.Numerics.Tensors": "9.0.0"
        }
      },
      "System.Numerics.Tensors": {
        "type": "Transitive",
        "resolved": "9.0.0",
        "contentHash": "hyJB4UlpAi19Xr9AXzu2NuagKC4lPfHObNMEAA0HmqFz2rX7wKgzeYzO/jM/eBHDhnUGFFEjk5cOoJaxqg5J4A=="
      }
    }
  }
}