{
  "version": 2,
  "dependencies": {
    "net9.0": {
      "Microsoft.ML.OnnxRuntime": {
        "type": "Direct",
        "requested": "[1.20.1, )",
        "resolved": "1.20.1",
        "contentHash": "NzUD79BC6R7TKROLyB3XCzXTpbNZ1YfOdVbult7hoFvd/xyRecOMiRO5HTzkPXvaFlcvZ91+WNCiroAPzUE7Dw==",
        "dependencies": {
          "Microsoft.ML.OnnxRuntime.Managed": "1.20.1"
        }
      },
      "Microsoft.ML.OnnxRuntimeGenAI": {
        "type": "Direct",
        "requested": "[0.6.0, )",
        "resolved": "0.6.0",
        "contentHash": "nvX9OAKYuUNQqwVFu0Sv43XMesTmUo7kXM71ytWiFthd0ki58cnv4RV7XWloWFbRNK8SqP8oR6H8oQ48nqDbMg==",
        "dependencies": {
          "Microsoft.ML.OnnxRuntime": "1.20.1",
          "Microsoft.ML.OnnxRuntimeGenAI.Managed": "0.6.0"
        }
      },
      "Microsoft.ML.OnnxRuntimeGenAI.Managed": {
        "type": "Direct",
        "requested": "[0.6.0, )",
        "resolved": "0.6.0",
        "contentHash": "s5LXrWrrcUpMag651gPNHYk9UIb+5xJDq2Ld75iVvlMxg34T+9vYl7MaOx84gp2dfrrTd5FDPCqjp/wO4d5ulw=="
      },
      "System.Speech": {
        "type": "Direct",
        "requested": "[9.0.2, )",
        "resolved": "9.0.2",
        "contentHash": "arQPudYrkW+cZfF7qyKcv9ukR7lM54AKyQDPX/2RPrC1EFlkYWHeOI6ST6VeI8hefW4zH9f/FnThuC70LFNd9A=="
      },
      "Microsoft.ML.OnnxRuntime.Managed": {
        "type": "Transitive",
        "resolved": "1.20.1",
        "contentHash": "+EVcEcKdq3gkw6iu8TYl2coJxfPnMi1YQc6eZ80BGNlw6mbBCxNGe6h4udDCwENYWsXFvYjoBc6412t40tl4ew==",
        "dependencies": {
          "System.Memory": "4.5.5"
        }
      },
      "System.Memory": {
        "type": "Transitive",
        "resolved": "4.5.5",
        "contentHash": "XIWiDvKPXaTveaB7HVganDlOCRoj03l+jrwNvcge/t8vhGYKvqV+dMv6G4SAX2NoNmN0wZfVPTAlFwZcZvVOUw=="
      }
    }
  }
}